PODS:
  - contact_picker (0.0.1):
    - Flutter
  - Flutter (1.0.0)

DEPENDENCIES:
  - contact_picker (from `.symlinks/plugins/contact_picker/ios`)
  - Flutter (from `Flutter`)

EXTERNAL SOURCES:
  contact_picker:
    :path: ".symlinks/plugins/contact_picker/ios"
  Flutter:
    :path: Flutter

SPEC CHECKSUMS:
  contact_picker: 57db5d8b410b52a0457d88f7b15de7d3307e8f16
  Flutter: 0e3d915762c693b495b44d77113d4970485de6ec

PODFILE CHECKSUM: c34e2287a9ccaa606aeceab922830efb9a6ff69a

COCOAPODS: 1.8.4
